// !$*UTF8*$!
{
	archiveVersion = 1;
	classes = {
	};
	objectVersion = 51;
	objects = {

/* Begin PBXBuildFile section */
		140900D82312B79D0064CBF4 /* CommitsResponse.swift in Sources */ = {isa = PBXBuildFile; fileRef = 140900D72312B79D0064CBF4 /* CommitsResponse.swift */; };
		140900DB2312B8490064CBF4 /* CommitsRequestApiRequest.swift in Sources */ = {isa = PBXBuildFile; fileRef = 140900DA2312B8490064CBF4 /* CommitsRequestApiRequest.swift */; };
		140900DD2312B89C0064CBF4 /* CommitsRequestProvider.swift in Sources */ = {isa = PBXBuildFile; fileRef = 140900DC2312B89C0064CBF4 /* CommitsRequestProvider.swift */; };
		14A01791231141F3005FF9A5 /* MainViewController.swift in Sources */ = {isa = PBXBuildFile; fileRef = 14A01790231141F3005FF9A5 /* MainViewController.swift */; };
		14A0179323114211005FF9A5 /* MainView.swift in Sources */ = {isa = PBXBuildFile; fileRef = 14A0179223114211005FF9A5 /* MainView.swift */; };
		14A0179523114223005FF9A5 /* MainView.xib in Resources */ = {isa = PBXBuildFile; fileRef = 14A0179423114223005FF9A5 /* MainView.xib */; };
		14A017972311453D005FF9A5 /* MainViewModel.swift in Sources */ = {isa = PBXBuildFile; fileRef = 14A017962311453D005FF9A5 /* MainViewModel.swift */; };
		14A0179B23114A00005FF9A5 /* SearchResultTableViewCell.swift in Sources */ = {isa = PBXBuildFile; fileRef = 14A0179A23114A00005FF9A5 /* SearchResultTableViewCell.swift */; };
		14A017A123114D7B005FF9A5 /* UITableViewExtension.swift in Sources */ = {isa = PBXBuildFile; fileRef = 14A017A023114D7B005FF9A5 /* UITableViewExtension.swift */; };
		14A017A323114DA6005FF9A5 /* ReusableView.swift in Sources */ = {isa = PBXBuildFile; fileRef = 14A017A223114DA6005FF9A5 /* ReusableView.swift */; };
		14A017A5231169B5005FF9A5 /* SearchResultTableViewCell.xib in Resources */ = {isa = PBXBuildFile; fileRef = 14A017A4231169B5005FF9A5 /* SearchResultTableViewCell.xib */; };
		2E5CB7214B4A78251C20EA48 /* Pods_NetguruCollegeApp.framework in Frameworks */ = {isa = PBXBuildFile; fileRef = 5917DB1E95701B4EE6BDDCAF /* Pods_NetguruCollegeApp.framework */; };
		696FE498217635CB005C9FDD /* AppDelegate.swift in Sources */ = {isa = PBXBuildFile; fileRef = 696FE497217635CB005C9FDD /* AppDelegate.swift */; };
		696FE49D217635CB005C9FDD /* Main.storyboard in Resources */ = {isa = PBXBuildFile; fileRef = 696FE49B217635CB005C9FDD /* Main.storyboard */; };
		696FE49F217635D2005C9FDD /* Assets.xcassets in Resources */ = {isa = PBXBuildFile; fileRef = 696FE49E217635D2005C9FDD /* Assets.xcassets */; };
		696FE4A2217635D2005C9FDD /* LaunchScreen.storyboard in Resources */ = {isa = PBXBuildFile; fileRef = 696FE4A0217635D2005C9FDD /* LaunchScreen.storyboard */; };
		696FE4AD217635D2005C9FDD /* NetguruCollegeAppTests.swift in Sources */ = {isa = PBXBuildFile; fileRef = 696FE4AC217635D2005C9FDD /* NetguruCollegeAppTests.swift */; };
		AA450AB6231155F6004BD104 /* OAuthSwift.framework in Frameworks */ = {isa = PBXBuildFile; fileRef = AA450AB5231155F6004BD104 /* OAuthSwift.framework */; };
		AA450AB823115756004BD104 /* AuthorizationStrings.swift in Sources */ = {isa = PBXBuildFile; fileRef = AA450AB723115756004BD104 /* AuthorizationStrings.swift */; };
		AA450ABA2311710B004BD104 /* UserManager.swift in Sources */ = {isa = PBXBuildFile; fileRef = AA450AB92311710B004BD104 /* UserManager.swift */; };
		AA450ABC2311753A004BD104 /* Dependencies.swift in Sources */ = {isa = PBXBuildFile; fileRef = AA450ABB2311753A004BD104 /* Dependencies.swift */; };
		AA450ABE23117AC9004BD104 /* KeychainManager.swift in Sources */ = {isa = PBXBuildFile; fileRef = AA450ABD23117AC9004BD104 /* KeychainManager.swift */; };
		AAF4ED8923115543005435E8 /* Authorization.swift in Sources */ = {isa = PBXBuildFile; fileRef = AAF4ED8823115543005435E8 /* Authorization.swift */; };
		C6CC8CF423128FD800EA932D /* PullRequestListApiRequest.swift in Sources */ = {isa = PBXBuildFile; fileRef = C6CC8CF323128FD800EA932D /* PullRequestListApiRequest.swift */; };
		C6CC8CF62312906100EA932D /* PullRequestProvider.swift in Sources */ = {isa = PBXBuildFile; fileRef = C6CC8CF52312906100EA932D /* PullRequestProvider.swift */; };
		C6CC8CF8231296A900EA932D /* PullRequestParser.swift in Sources */ = {isa = PBXBuildFile; fileRef = C6CC8CF7231296A900EA932D /* PullRequestParser.swift */; };
		C6CC8CFA2312971300EA932D /* PullRequest.swift in Sources */ = {isa = PBXBuildFile; fileRef = C6CC8CF92312971300EA932D /* PullRequest.swift */; };
		E605F69A23113F9C00B7DB95 /* LoginViewController.swift in Sources */ = {isa = PBXBuildFile; fileRef = E605F69923113F9C00B7DB95 /* LoginViewController.swift */; };
		E605F69C23113FDB00B7DB95 /* LoginView.swift in Sources */ = {isa = PBXBuildFile; fileRef = E605F69B23113FDB00B7DB95 /* LoginView.swift */; };
		E605F69E23113FFD00B7DB95 /* LoginView.xib in Resources */ = {isa = PBXBuildFile; fileRef = E605F69D23113FFD00B7DB95 /* LoginView.xib */; };
		E605F6A023114BA500B7DB95 /* LoginViewViewModel.swift in Sources */ = {isa = PBXBuildFile; fileRef = E605F69F23114BA500B7DB95 /* LoginViewViewModel.swift */; };
		E605F6B623116F2400B7DB95 /* ReadmeViewController.swift in Sources */ = {isa = PBXBuildFile; fileRef = E605F6B423116F2400B7DB95 /* ReadmeViewController.swift */; };
		E605F6B723116F2400B7DB95 /* ReadmeView.xib in Resources */ = {isa = PBXBuildFile; fileRef = E605F6B523116F2400B7DB95 /* ReadmeView.xib */; };
		E605F6B923116FA400B7DB95 /* ReadmeView.swift in Sources */ = {isa = PBXBuildFile; fileRef = E605F6B823116FA400B7DB95 /* ReadmeView.swift */; };
		E6AF4F5023117441009BC89D /* FilesViewController.swift in Sources */ = {isa = PBXBuildFile; fileRef = E6AF4F4E23117441009BC89D /* FilesViewController.swift */; };
		E6AF4F5123117441009BC89D /* FilesView.xib in Resources */ = {isa = PBXBuildFile; fileRef = E6AF4F4F23117441009BC89D /* FilesView.xib */; };
		E6AF4F532311746E009BC89D /* FilesView.swift in Sources */ = {isa = PBXBuildFile; fileRef = E6AF4F522311746E009BC89D /* FilesView.swift */; };
		E6AF4F57231175A5009BC89D /* PullRequestsViewController.swift in Sources */ = {isa = PBXBuildFile; fileRef = E6AF4F55231175A5009BC89D /* PullRequestsViewController.swift */; };
		E6AF4F58231175A5009BC89D /* PullRequestsView.xib in Resources */ = {isa = PBXBuildFile; fileRef = E6AF4F56231175A5009BC89D /* PullRequestsView.xib */; };
		E6AF4F5A231175D7009BC89D /* PullRequestsView.swift in Sources */ = {isa = PBXBuildFile; fileRef = E6AF4F59231175D7009BC89D /* PullRequestsView.swift */; };
		E6AF4F5E231176E5009BC89D /* OtherViewController.swift in Sources */ = {isa = PBXBuildFile; fileRef = E6AF4F5C231176E5009BC89D /* OtherViewController.swift */; };
		E6AF4F5F231176E5009BC89D /* OtherView.xib in Resources */ = {isa = PBXBuildFile; fileRef = E6AF4F5D231176E5009BC89D /* OtherView.xib */; };
		E6AF4F6123117A6E009BC89D /* OtherView.swift in Sources */ = {isa = PBXBuildFile; fileRef = E6AF4F6023117A6E009BC89D /* OtherView.swift */; };
		E814F7DD2310712B00788FA9 /* FlowCoordinator.swift in Sources */ = {isa = PBXBuildFile; fileRef = E814F7DC2310712B00788FA9 /* FlowCoordinator.swift */; };
		E814F7E22310713600788FA9 /* APIMethod.swift in Sources */ = {isa = PBXBuildFile; fileRef = E814F7DE2310713600788FA9 /* APIMethod.swift */; };
		E814F7E32310713600788FA9 /* APIClient.swift in Sources */ = {isa = PBXBuildFile; fileRef = E814F7DF2310713600788FA9 /* APIClient.swift */; };
		E814F7E42310713600788FA9 /* APIError.swift in Sources */ = {isa = PBXBuildFile; fileRef = E814F7E02310713600788FA9 /* APIError.swift */; };
		E814F7E52310713600788FA9 /* APIRequest.swift in Sources */ = {isa = PBXBuildFile; fileRef = E814F7E12310713600788FA9 /* APIRequest.swift */; };
		E814F7E82310714300788FA9 /* WelcomeViewController.swift in Sources */ = {isa = PBXBuildFile; fileRef = E814F7E62310714300788FA9 /* WelcomeViewController.swift */; };
		E814F7E92310714300788FA9 /* HelloWorldViewController.swift in Sources */ = {isa = PBXBuildFile; fileRef = E814F7E72310714300788FA9 /* HelloWorldViewController.swift */; };
		E814F7ED2310716000788FA9 /* HelloWorldView.swift in Sources */ = {isa = PBXBuildFile; fileRef = E814F7EC2310716000788FA9 /* HelloWorldView.swift */; };
		E814F7EF2310716700788FA9 /* HelloWorldView.xib in Resources */ = {isa = PBXBuildFile; fileRef = E814F7EE2310716700788FA9 /* HelloWorldView.xib */; };
		E814F7F12310716D00788FA9 /* WelcomeView.swift in Sources */ = {isa = PBXBuildFile; fileRef = E814F7F02310716D00788FA9 /* WelcomeView.swift */; };
		E814F7F32310717400788FA9 /* WelcomeView.xib in Resources */ = {isa = PBXBuildFile; fileRef = E814F7F22310717400788FA9 /* WelcomeView.xib */; };
		E814F7F52310719E00788FA9 /* AppFlowCoordinator.swift in Sources */ = {isa = PBXBuildFile; fileRef = E814F7F42310719D00788FA9 /* AppFlowCoordinator.swift */; };
		F53242972311405D0017D510 /* SearchProvider.swift in Sources */ = {isa = PBXBuildFile; fileRef = F53242962311405D0017D510 /* SearchProvider.swift */; };
		F53242992311435E0017D510 /* SearchProjectRequest.swift in Sources */ = {isa = PBXBuildFile; fileRef = F53242982311435E0017D510 /* SearchProjectRequest.swift */; };
		F532429C23114CC10017D510 /* SearchRequestType.swift in Sources */ = {isa = PBXBuildFile; fileRef = F532429B23114CC10017D510 /* SearchRequestType.swift */; };
		F532429E23114EB00017D510 /* SearchUserRequest.swift in Sources */ = {isa = PBXBuildFile; fileRef = F532429D23114EB00017D510 /* SearchUserRequest.swift */; };
		F53242A1231157E70017D510 /* Repository.swift in Sources */ = {isa = PBXBuildFile; fileRef = F53242A0231157E70017D510 /* Repository.swift */; };
		F53242A3231157F10017D510 /* User.swift in Sources */ = {isa = PBXBuildFile; fileRef = F53242A2231157F10017D510 /* User.swift */; };
		F53242A6231163300017D510 /* ResponseParser.swift in Sources */ = {isa = PBXBuildFile; fileRef = F53242A5231163300017D510 /* ResponseParser.swift */; };
		F53242A8231165200017D510 /* RepoResponseParser.swift in Sources */ = {isa = PBXBuildFile; fileRef = F53242A7231165200017D510 /* RepoResponseParser.swift */; };
		F53242AA231165390017D510 /* UserResponseParser.swift in Sources */ = {isa = PBXBuildFile; fileRef = F53242A9231165390017D510 /* UserResponseParser.swift */; };
/* End PBXBuildFile section */

/* Begin PBXContainerItemProxy section */
		696FE4A9217635D2005C9FDD /* PBXContainerItemProxy */ = {
			isa = PBXContainerItemProxy;
			containerPortal = 696FE48C217635CB005C9FDD /* Project object */;
			proxyType = 1;
			remoteGlobalIDString = 696FE493217635CB005C9FDD;
			remoteInfo = "ncc-ios";
		};
/* End PBXContainerItemProxy section */

/* Begin PBXFileReference section */
		140900D72312B79D0064CBF4 /* CommitsResponse.swift */ = {isa = PBXFileReference; lastKnownFileType = sourcecode.swift; path = CommitsResponse.swift; sourceTree = "<group>"; };
		140900DA2312B8490064CBF4 /* CommitsRequestApiRequest.swift */ = {isa = PBXFileReference; lastKnownFileType = sourcecode.swift; path = CommitsRequestApiRequest.swift; sourceTree = "<group>"; };
		140900DC2312B89C0064CBF4 /* CommitsRequestProvider.swift */ = {isa = PBXFileReference; lastKnownFileType = sourcecode.swift; path = CommitsRequestProvider.swift; sourceTree = "<group>"; };
		14A01790231141F3005FF9A5 /* MainViewController.swift */ = {isa = PBXFileReference; lastKnownFileType = sourcecode.swift; path = MainViewController.swift; sourceTree = "<group>"; };
		14A0179223114211005FF9A5 /* MainView.swift */ = {isa = PBXFileReference; lastKnownFileType = sourcecode.swift; path = MainView.swift; sourceTree = "<group>"; };
		14A0179423114223005FF9A5 /* MainView.xib */ = {isa = PBXFileReference; lastKnownFileType = file.xib; path = MainView.xib; sourceTree = "<group>"; };
		14A017962311453D005FF9A5 /* MainViewModel.swift */ = {isa = PBXFileReference; lastKnownFileType = sourcecode.swift; path = MainViewModel.swift; sourceTree = "<group>"; };
		14A0179A23114A00005FF9A5 /* SearchResultTableViewCell.swift */ = {isa = PBXFileReference; lastKnownFileType = sourcecode.swift; path = SearchResultTableViewCell.swift; sourceTree = "<group>"; };
		14A017A023114D7B005FF9A5 /* UITableViewExtension.swift */ = {isa = PBXFileReference; lastKnownFileType = sourcecode.swift; path = UITableViewExtension.swift; sourceTree = "<group>"; };
		14A017A223114DA6005FF9A5 /* ReusableView.swift */ = {isa = PBXFileReference; lastKnownFileType = sourcecode.swift; path = ReusableView.swift; sourceTree = "<group>"; };
		14A017A4231169B5005FF9A5 /* SearchResultTableViewCell.xib */ = {isa = PBXFileReference; lastKnownFileType = file.xib; path = SearchResultTableViewCell.xib; sourceTree = "<group>"; };
		5917DB1E95701B4EE6BDDCAF /* Pods_NetguruCollegeApp.framework */ = {isa = PBXFileReference; explicitFileType = wrapper.framework; includeInIndex = 0; path = Pods_NetguruCollegeApp.framework; sourceTree = BUILT_PRODUCTS_DIR; };
		696FE494217635CB005C9FDD /* NetguruCollegeApp.app */ = {isa = PBXFileReference; explicitFileType = wrapper.application; includeInIndex = 0; path = NetguruCollegeApp.app; sourceTree = BUILT_PRODUCTS_DIR; };
		696FE497217635CB005C9FDD /* AppDelegate.swift */ = {isa = PBXFileReference; lastKnownFileType = sourcecode.swift; path = AppDelegate.swift; sourceTree = "<group>"; };
		696FE49C217635CB005C9FDD /* Base */ = {isa = PBXFileReference; lastKnownFileType = file.storyboard; name = Base; path = Base.lproj/Main.storyboard; sourceTree = "<group>"; };
		696FE49E217635D2005C9FDD /* Assets.xcassets */ = {isa = PBXFileReference; lastKnownFileType = folder.assetcatalog; path = Assets.xcassets; sourceTree = "<group>"; };
		696FE4A1217635D2005C9FDD /* Base */ = {isa = PBXFileReference; lastKnownFileType = file.storyboard; name = Base; path = Base.lproj/LaunchScreen.storyboard; sourceTree = "<group>"; };
		696FE4A3217635D2005C9FDD /* Info.plist */ = {isa = PBXFileReference; lastKnownFileType = text.plist.xml; path = Info.plist; sourceTree = "<group>"; };
		696FE4A8217635D2005C9FDD /* NetguruCollegeApp Tests.xctest */ = {isa = PBXFileReference; explicitFileType = wrapper.cfbundle; includeInIndex = 0; path = "NetguruCollegeApp Tests.xctest"; sourceTree = BUILT_PRODUCTS_DIR; };
		696FE4AC217635D2005C9FDD /* NetguruCollegeAppTests.swift */ = {isa = PBXFileReference; lastKnownFileType = sourcecode.swift; path = NetguruCollegeAppTests.swift; sourceTree = "<group>"; };
		696FE4AE217635D2005C9FDD /* Info.plist */ = {isa = PBXFileReference; lastKnownFileType = text.plist.xml; path = Info.plist; sourceTree = "<group>"; };
		70B9FAC81C5FF8A335FA5053 /* Pods-NetguruCollegeApp.debug.xcconfig */ = {isa = PBXFileReference; includeInIndex = 1; lastKnownFileType = text.xcconfig; name = "Pods-NetguruCollegeApp.debug.xcconfig"; path = "Target Support Files/Pods-NetguruCollegeApp/Pods-NetguruCollegeApp.debug.xcconfig"; sourceTree = "<group>"; };
		AA450AB5231155F6004BD104 /* OAuthSwift.framework */ = {isa = PBXFileReference; explicitFileType = wrapper.framework; path = OAuthSwift.framework; sourceTree = BUILT_PRODUCTS_DIR; };
		AA450AB723115756004BD104 /* AuthorizationStrings.swift */ = {isa = PBXFileReference; lastKnownFileType = sourcecode.swift; path = AuthorizationStrings.swift; sourceTree = "<group>"; };
		AA450AB92311710B004BD104 /* UserManager.swift */ = {isa = PBXFileReference; lastKnownFileType = sourcecode.swift; path = UserManager.swift; sourceTree = "<group>"; };
		AA450ABB2311753A004BD104 /* Dependencies.swift */ = {isa = PBXFileReference; lastKnownFileType = sourcecode.swift; path = Dependencies.swift; sourceTree = "<group>"; };
		AA450ABD23117AC9004BD104 /* KeychainManager.swift */ = {isa = PBXFileReference; lastKnownFileType = sourcecode.swift; path = KeychainManager.swift; sourceTree = "<group>"; };
		AAF4ED8823115543005435E8 /* Authorization.swift */ = {isa = PBXFileReference; lastKnownFileType = sourcecode.swift; path = Authorization.swift; sourceTree = "<group>"; };
		B70CCCFD923A49BB70EE7D09 /* Pods-NetguruCollegeApp.release.xcconfig */ = {isa = PBXFileReference; includeInIndex = 1; lastKnownFileType = text.xcconfig; name = "Pods-NetguruCollegeApp.release.xcconfig"; path = "Target Support Files/Pods-NetguruCollegeApp/Pods-NetguruCollegeApp.release.xcconfig"; sourceTree = "<group>"; };
		C6CC8CF323128FD800EA932D /* PullRequestListApiRequest.swift */ = {isa = PBXFileReference; lastKnownFileType = sourcecode.swift; path = PullRequestListApiRequest.swift; sourceTree = "<group>"; };
		C6CC8CF52312906100EA932D /* PullRequestProvider.swift */ = {isa = PBXFileReference; lastKnownFileType = sourcecode.swift; path = PullRequestProvider.swift; sourceTree = "<group>"; };
		C6CC8CF7231296A900EA932D /* PullRequestParser.swift */ = {isa = PBXFileReference; lastKnownFileType = sourcecode.swift; path = PullRequestParser.swift; sourceTree = "<group>"; };
		C6CC8CF92312971300EA932D /* PullRequest.swift */ = {isa = PBXFileReference; lastKnownFileType = sourcecode.swift; path = PullRequest.swift; sourceTree = "<group>"; };
		E605F69923113F9C00B7DB95 /* LoginViewController.swift */ = {isa = PBXFileReference; lastKnownFileType = sourcecode.swift; path = LoginViewController.swift; sourceTree = "<group>"; };
		E605F69B23113FDB00B7DB95 /* LoginView.swift */ = {isa = PBXFileReference; lastKnownFileType = sourcecode.swift; path = LoginView.swift; sourceTree = "<group>"; };
		E605F69D23113FFD00B7DB95 /* LoginView.xib */ = {isa = PBXFileReference; lastKnownFileType = file.xib; path = LoginView.xib; sourceTree = "<group>"; };
		E605F69F23114BA500B7DB95 /* LoginViewViewModel.swift */ = {isa = PBXFileReference; lastKnownFileType = sourcecode.swift; path = LoginViewViewModel.swift; sourceTree = "<group>"; };
		E605F6B423116F2400B7DB95 /* ReadmeViewController.swift */ = {isa = PBXFileReference; lastKnownFileType = sourcecode.swift; path = ReadmeViewController.swift; sourceTree = "<group>"; };
		E605F6B523116F2400B7DB95 /* ReadmeView.xib */ = {isa = PBXFileReference; lastKnownFileType = file.xib; path = ReadmeView.xib; sourceTree = "<group>"; };
		E605F6B823116FA400B7DB95 /* ReadmeView.swift */ = {isa = PBXFileReference; lastKnownFileType = sourcecode.swift; path = ReadmeView.swift; sourceTree = "<group>"; };
		E6AF4F4E23117441009BC89D /* FilesViewController.swift */ = {isa = PBXFileReference; lastKnownFileType = sourcecode.swift; path = FilesViewController.swift; sourceTree = "<group>"; };
		E6AF4F4F23117441009BC89D /* FilesView.xib */ = {isa = PBXFileReference; lastKnownFileType = file.xib; path = FilesView.xib; sourceTree = "<group>"; };
		E6AF4F522311746E009BC89D /* FilesView.swift */ = {isa = PBXFileReference; lastKnownFileType = sourcecode.swift; path = FilesView.swift; sourceTree = "<group>"; };
		E6AF4F55231175A5009BC89D /* PullRequestsViewController.swift */ = {isa = PBXFileReference; lastKnownFileType = sourcecode.swift; path = PullRequestsViewController.swift; sourceTree = "<group>"; };
		E6AF4F56231175A5009BC89D /* PullRequestsView.xib */ = {isa = PBXFileReference; lastKnownFileType = file.xib; path = PullRequestsView.xib; sourceTree = "<group>"; };
		E6AF4F59231175D7009BC89D /* PullRequestsView.swift */ = {isa = PBXFileReference; lastKnownFileType = sourcecode.swift; path = PullRequestsView.swift; sourceTree = "<group>"; };
		E6AF4F5C231176E5009BC89D /* OtherViewController.swift */ = {isa = PBXFileReference; lastKnownFileType = sourcecode.swift; path = OtherViewController.swift; sourceTree = "<group>"; };
		E6AF4F5D231176E5009BC89D /* OtherView.xib */ = {isa = PBXFileReference; lastKnownFileType = file.xib; path = OtherView.xib; sourceTree = "<group>"; };
		E6AF4F6023117A6E009BC89D /* OtherView.swift */ = {isa = PBXFileReference; lastKnownFileType = sourcecode.swift; path = OtherView.swift; sourceTree = "<group>"; };
		E814F7DC2310712B00788FA9 /* FlowCoordinator.swift */ = {isa = PBXFileReference; fileEncoding = 4; lastKnownFileType = sourcecode.swift; path = FlowCoordinator.swift; sourceTree = "<group>"; };
		E814F7DE2310713600788FA9 /* APIMethod.swift */ = {isa = PBXFileReference; fileEncoding = 4; lastKnownFileType = sourcecode.swift; path = APIMethod.swift; sourceTree = "<group>"; };
		E814F7DF2310713600788FA9 /* APIClient.swift */ = {isa = PBXFileReference; fileEncoding = 4; lastKnownFileType = sourcecode.swift; path = APIClient.swift; sourceTree = "<group>"; };
		E814F7E02310713600788FA9 /* APIError.swift */ = {isa = PBXFileReference; fileEncoding = 4; lastKnownFileType = sourcecode.swift; path = APIError.swift; sourceTree = "<group>"; };
		E814F7E12310713600788FA9 /* APIRequest.swift */ = {isa = PBXFileReference; fileEncoding = 4; lastKnownFileType = sourcecode.swift; path = APIRequest.swift; sourceTree = "<group>"; };
		E814F7E62310714300788FA9 /* WelcomeViewController.swift */ = {isa = PBXFileReference; fileEncoding = 4; lastKnownFileType = sourcecode.swift; path = WelcomeViewController.swift; sourceTree = "<group>"; };
		E814F7E72310714300788FA9 /* HelloWorldViewController.swift */ = {isa = PBXFileReference; fileEncoding = 4; lastKnownFileType = sourcecode.swift; path = HelloWorldViewController.swift; sourceTree = "<group>"; };
		E814F7EC2310716000788FA9 /* HelloWorldView.swift */ = {isa = PBXFileReference; fileEncoding = 4; lastKnownFileType = sourcecode.swift; path = HelloWorldView.swift; sourceTree = "<group>"; };
		E814F7EE2310716700788FA9 /* HelloWorldView.xib */ = {isa = PBXFileReference; fileEncoding = 4; lastKnownFileType = file.xib; path = HelloWorldView.xib; sourceTree = "<group>"; };
		E814F7F02310716D00788FA9 /* WelcomeView.swift */ = {isa = PBXFileReference; fileEncoding = 4; lastKnownFileType = sourcecode.swift; path = WelcomeView.swift; sourceTree = "<group>"; };
		E814F7F22310717400788FA9 /* WelcomeView.xib */ = {isa = PBXFileReference; fileEncoding = 4; lastKnownFileType = file.xib; path = WelcomeView.xib; sourceTree = "<group>"; };
		E814F7F42310719D00788FA9 /* AppFlowCoordinator.swift */ = {isa = PBXFileReference; fileEncoding = 4; lastKnownFileType = sourcecode.swift; path = AppFlowCoordinator.swift; sourceTree = "<group>"; };
		F53242962311405D0017D510 /* SearchProvider.swift */ = {isa = PBXFileReference; lastKnownFileType = sourcecode.swift; path = SearchProvider.swift; sourceTree = "<group>"; };
		F53242982311435E0017D510 /* SearchProjectRequest.swift */ = {isa = PBXFileReference; lastKnownFileType = sourcecode.swift; path = SearchProjectRequest.swift; sourceTree = "<group>"; };
		F532429B23114CC10017D510 /* SearchRequestType.swift */ = {isa = PBXFileReference; lastKnownFileType = sourcecode.swift; path = SearchRequestType.swift; sourceTree = "<group>"; };
		F532429D23114EB00017D510 /* SearchUserRequest.swift */ = {isa = PBXFileReference; lastKnownFileType = sourcecode.swift; path = SearchUserRequest.swift; sourceTree = "<group>"; };
		F53242A0231157E70017D510 /* Repository.swift */ = {isa = PBXFileReference; lastKnownFileType = sourcecode.swift; path = Repository.swift; sourceTree = "<group>"; };
		F53242A2231157F10017D510 /* User.swift */ = {isa = PBXFileReference; lastKnownFileType = sourcecode.swift; path = User.swift; sourceTree = "<group>"; };
		F53242A5231163300017D510 /* ResponseParser.swift */ = {isa = PBXFileReference; lastKnownFileType = sourcecode.swift; path = ResponseParser.swift; sourceTree = "<group>"; };
		F53242A7231165200017D510 /* RepoResponseParser.swift */ = {isa = PBXFileReference; lastKnownFileType = sourcecode.swift; path = RepoResponseParser.swift; sourceTree = "<group>"; };
		F53242A9231165390017D510 /* UserResponseParser.swift */ = {isa = PBXFileReference; lastKnownFileType = sourcecode.swift; path = UserResponseParser.swift; sourceTree = "<group>"; };
/* End PBXFileReference section */

/* Begin PBXFrameworksBuildPhase section */
		696FE491217635CB005C9FDD /* Frameworks */ = {
			isa = PBXFrameworksBuildPhase;
			buildActionMask = 2147483647;
			files = (
				AA450AB6231155F6004BD104 /* OAuthSwift.framework in Frameworks */,
				2E5CB7214B4A78251C20EA48 /* Pods_NetguruCollegeApp.framework in Frameworks */,
			);
			runOnlyForDeploymentPostprocessing = 0;
		};
		696FE4A5217635D2005C9FDD /* Frameworks */ = {
			isa = PBXFrameworksBuildPhase;
			buildActionMask = 2147483647;
			files = (
			);
			runOnlyForDeploymentPostprocessing = 0;
		};
/* End PBXFrameworksBuildPhase section */

/* Begin PBXGroup section */
		140900D92312B8200064CBF4 /* CommitsRequest */ = {
			isa = PBXGroup;
			children = (
				140900DA2312B8490064CBF4 /* CommitsRequestApiRequest.swift */,
				140900DC2312B89C0064CBF4 /* CommitsRequestProvider.swift */,
			);
			path = CommitsRequest;
			sourceTree = "<group>";
		};
		14A0178D231141B8005FF9A5 /* MainView */ = {
			isa = PBXGroup;
			children = (
				14A0178E231141D4005FF9A5 /* Code */,
			);
			path = MainView;
			sourceTree = "<group>";
		};
		14A0178E231141D4005FF9A5 /* Code */ = {
			isa = PBXGroup;
			children = (
				14A01798231149D6005FF9A5 /* Views */,
				14A01790231141F3005FF9A5 /* MainViewController.swift */,
				14A0179223114211005FF9A5 /* MainView.swift */,
				14A0179423114223005FF9A5 /* MainView.xib */,
				14A017962311453D005FF9A5 /* MainViewModel.swift */,
			);
			path = Code;
			sourceTree = "<group>";
		};
		14A01798231149D6005FF9A5 /* Views */ = {
			isa = PBXGroup;
			children = (
				14A0179A23114A00005FF9A5 /* SearchResultTableViewCell.swift */,
				14A017A4231169B5005FF9A5 /* SearchResultTableViewCell.xib */,
			);
			name = Views;
			sourceTree = "<group>";
		};
		14A0179F23114D69005FF9A5 /* Extensions */ = {
			isa = PBXGroup;
			children = (
				14A017A023114D7B005FF9A5 /* UITableViewExtension.swift */,
				14A017A223114DA6005FF9A5 /* ReusableView.swift */,
			);
			path = Extensions;
			sourceTree = "<group>";
		};
		4EF6845F21E6435400DA50FC /* Services */ = {
			isa = PBXGroup;
			children = (
				4EF6846021E6438300DA50FC /* Networking */,
			);
			path = Services;
			sourceTree = "<group>";
		};
		4EF6846021E6438300DA50FC /* Networking */ = {
			isa = PBXGroup;
			children = (
				E814F7DF2310713600788FA9 /* APIClient.swift */,
				E814F7E02310713600788FA9 /* APIError.swift */,
				E814F7DE2310713600788FA9 /* APIMethod.swift */,
				E814F7E12310713600788FA9 /* APIRequest.swift */,
				AAF4ED8823115543005435E8 /* Authorization.swift */,
				AA450AB92311710B004BD104 /* UserManager.swift */,
				AA450ABD23117AC9004BD104 /* KeychainManager.swift */,
				AA450AB723115756004BD104 /* AuthorizationStrings.swift */,
			);
			path = Networking;
			sourceTree = "<group>";
		};
		5EC86D1AC6F92BE513E78EC0 /* Pods */ = {
			isa = PBXGroup;
			children = (
				70B9FAC81C5FF8A335FA5053 /* Pods-NetguruCollegeApp.debug.xcconfig */,
				B70CCCFD923A49BB70EE7D09 /* Pods-NetguruCollegeApp.release.xcconfig */,
			);
			path = Pods;
			sourceTree = "<group>";
		};
		696FE48B217635CB005C9FDD = {
			isa = PBXGroup;
			children = (
				696FE4B7217637B5005C9FDD /* Project */,
				696FE4BE2176387E005C9FDD /* Supporting files */,
				696FE4AB217635D2005C9FDD /* Unit Tests */,
				696FE495217635CB005C9FDD /* Products */,
				5EC86D1AC6F92BE513E78EC0 /* Pods */,
				D78ED9CC3C02DDC356B00910 /* Frameworks */,
			);
			sourceTree = "<group>";
		};
		696FE495217635CB005C9FDD /* Products */ = {
			isa = PBXGroup;
			children = (
				696FE494217635CB005C9FDD /* NetguruCollegeApp.app */,
				696FE4A8217635D2005C9FDD /* NetguruCollegeApp Tests.xctest */,
			);
			name = Products;
			sourceTree = "<group>";
		};
		696FE4AB217635D2005C9FDD /* Unit Tests */ = {
			isa = PBXGroup;
			children = (
				696FE4AC217635D2005C9FDD /* NetguruCollegeAppTests.swift */,
				696FE4AE217635D2005C9FDD /* Info.plist */,
			);
			path = "Unit Tests";
			sourceTree = "<group>";
		};
		696FE4B7217637B5005C9FDD /* Project */ = {
			isa = PBXGroup;
			children = (
				14A0179F23114D69005FF9A5 /* Extensions */,
				696FE4BF217638AD005C9FDD /* Application */,
				696FE4B8217637C7005C9FDD /* Source Files */,
				696FE4BC217637FB005C9FDD /* Interfaces */,
				696FE4BD21763812005C9FDD /* Resources */,
			);
			path = Project;
			sourceTree = "<group>";
		};
		696FE4B8217637C7005C9FDD /* Source Files */ = {
			isa = PBXGroup;
			children = (
				140900D92312B8200064CBF4 /* CommitsRequest */,
				C6CC8CF223128FC000EA932D /* PullRequest */,
				E814F7DB2310712200788FA9 /* Base classes */,
				4EF6845F21E6435400DA50FC /* Services */,
				F53242A42311606E0017D510 /* ResponceParser */,
				F532429A231146940017D510 /* Seach */,
				F532429F231157A20017D510 /* DataModel */,
				696FE4B9217637D5005C9FDD /* Screens */,
			);
			path = "Source Files";
			sourceTree = "<group>";
		};
		696FE4B9217637D5005C9FDD /* Screens */ = {
			isa = PBXGroup;
			children = (
				E6AF4F5B231176B0009BC89D /* Other */,
				E6AF4F5423117586009BC89D /* PullRequests */,
				E6AF4F4D2311742C009BC89D /* Files */,
				E605F6B323116EFA00B7DB95 /* Readme */,
				14A0178D231141B8005FF9A5 /* MainView */,
				E605F69823113F6500B7DB95 /* Login */,
				E814F7EB2310714E00788FA9 /* Welcome */,
				E814F7EA2310714500788FA9 /* HelloWorld */,
			);
			path = Screens;
			sourceTree = "<group>";
		};
		696FE4BC217637FB005C9FDD /* Interfaces */ = {
			isa = PBXGroup;
			children = (
				696FE4A0217635D2005C9FDD /* LaunchScreen.storyboard */,
				696FE49B217635CB005C9FDD /* Main.storyboard */,
			);
			path = Interfaces;
			sourceTree = "<group>";
		};
		696FE4BD21763812005C9FDD /* Resources */ = {
			isa = PBXGroup;
			children = (
				696FE49E217635D2005C9FDD /* Assets.xcassets */,
			);
			path = Resources;
			sourceTree = "<group>";
		};
		696FE4BE2176387E005C9FDD /* Supporting files */ = {
			isa = PBXGroup;
			children = (
				696FE4A3217635D2005C9FDD /* Info.plist */,
			);
			path = "Supporting files";
			sourceTree = "<group>";
		};
		696FE4BF217638AD005C9FDD /* Application */ = {
			isa = PBXGroup;
			children = (
				696FE497217635CB005C9FDD /* AppDelegate.swift */,
				E814F7F42310719D00788FA9 /* AppFlowCoordinator.swift */,
				AA450ABB2311753A004BD104 /* Dependencies.swift */,
			);
			path = Application;
			sourceTree = "<group>";
		};
		C6CC8CF223128FC000EA932D /* PullRequest */ = {
			isa = PBXGroup;
			children = (
				C6CC8CF323128FD800EA932D /* PullRequestListApiRequest.swift */,
				C6CC8CF52312906100EA932D /* PullRequestProvider.swift */,
			);
			path = PullRequest;
			sourceTree = "<group>";
		};
		D78ED9CC3C02DDC356B00910 /* Frameworks */ = {
			isa = PBXGroup;
			children = (
				AA450AB5231155F6004BD104 /* OAuthSwift.framework */,
				5917DB1E95701B4EE6BDDCAF /* Pods_NetguruCollegeApp.framework */,
			);
			name = Frameworks;
			sourceTree = "<group>";
		};
		E605F69823113F6500B7DB95 /* Login */ = {
			isa = PBXGroup;
			children = (
				E605F69F23114BA500B7DB95 /* LoginViewViewModel.swift */,
				E605F69923113F9C00B7DB95 /* LoginViewController.swift */,
				E605F69B23113FDB00B7DB95 /* LoginView.swift */,
				E605F69D23113FFD00B7DB95 /* LoginView.xib */,
			);
			path = Login;
			sourceTree = "<group>";
		};
		E605F6B323116EFA00B7DB95 /* Readme */ = {
			isa = PBXGroup;
			children = (
				E605F6B423116F2400B7DB95 /* ReadmeViewController.swift */,
				E605F6B823116FA400B7DB95 /* ReadmeView.swift */,
				E605F6B523116F2400B7DB95 /* ReadmeView.xib */,
			);
			path = Readme;
			sourceTree = "<group>";
		};
		E6AF4F4D2311742C009BC89D /* Files */ = {
			isa = PBXGroup;
			children = (
				E6AF4F4E23117441009BC89D /* FilesViewController.swift */,
				E6AF4F522311746E009BC89D /* FilesView.swift */,
				E6AF4F4F23117441009BC89D /* FilesView.xib */,
			);
			path = Files;
			sourceTree = "<group>";
		};
		E6AF4F5423117586009BC89D /* PullRequests */ = {
			isa = PBXGroup;
			children = (
				E6AF4F55231175A5009BC89D /* PullRequestsViewController.swift */,
				E6AF4F59231175D7009BC89D /* PullRequestsView.swift */,
				E6AF4F56231175A5009BC89D /* PullRequestsView.xib */,
			);
			path = PullRequests;
			sourceTree = "<group>";
		};
		E6AF4F5B231176B0009BC89D /* Other */ = {
			isa = PBXGroup;
			children = (
				E6AF4F5C231176E5009BC89D /* OtherViewController.swift */,
				E6AF4F6023117A6E009BC89D /* OtherView.swift */,
				E6AF4F5D231176E5009BC89D /* OtherView.xib */,
			);
			path = Other;
			sourceTree = "<group>";
		};
		E814F7DB2310712200788FA9 /* Base classes */ = {
			isa = PBXGroup;
			children = (
				E814F7DC2310712B00788FA9 /* FlowCoordinator.swift */,
			);
			path = "Base classes";
			sourceTree = "<group>";
		};
		E814F7EA2310714500788FA9 /* HelloWorld */ = {
			isa = PBXGroup;
			children = (
				E814F7E72310714300788FA9 /* HelloWorldViewController.swift */,
				E814F7EC2310716000788FA9 /* HelloWorldView.swift */,
				E814F7EE2310716700788FA9 /* HelloWorldView.xib */,
			);
			path = HelloWorld;
			sourceTree = "<group>";
		};
		E814F7EB2310714E00788FA9 /* Welcome */ = {
			isa = PBXGroup;
			children = (
				E814F7E62310714300788FA9 /* WelcomeViewController.swift */,
				E814F7F02310716D00788FA9 /* WelcomeView.swift */,
				E814F7F22310717400788FA9 /* WelcomeView.xib */,
			);
			path = Welcome;
			sourceTree = "<group>";
		};
		F532429A231146940017D510 /* Seach */ = {
			isa = PBXGroup;
			children = (
				F53242962311405D0017D510 /* SearchProvider.swift */,
				F532429B23114CC10017D510 /* SearchRequestType.swift */,
				F53242982311435E0017D510 /* SearchProjectRequest.swift */,
				F532429D23114EB00017D510 /* SearchUserRequest.swift */,
			);
			path = Seach;
			sourceTree = "<group>";
		};
		F532429F231157A20017D510 /* DataModel */ = {
			isa = PBXGroup;
			children = (
				F53242A0231157E70017D510 /* Repository.swift */,
				F53242A2231157F10017D510 /* User.swift */,
				C6CC8CF92312971300EA932D /* PullRequest.swift */,
				140900D72312B79D0064CBF4 /* CommitsResponse.swift */,
			);
			path = DataModel;
			sourceTree = "<group>";
		};
		F53242A42311606E0017D510 /* ResponceParser */ = {
			isa = PBXGroup;
			children = (
				F53242A5231163300017D510 /* ResponseParser.swift */,
				F53242A7231165200017D510 /* RepoResponseParser.swift */,
				C6CC8CF7231296A900EA932D /* PullRequestParser.swift */,
				F53242A9231165390017D510 /* UserResponseParser.swift */,
			);
			path = ResponceParser;
			sourceTree = "<group>";
		};
/* End PBXGroup section */

/* Begin PBXNativeTarget section */
		696FE493217635CB005C9FDD /* NetguruCollegeApp */ = {
			isa = PBXNativeTarget;
			buildConfigurationList = 696FE4B1217635D2005C9FDD /* Build configuration list for PBXNativeTarget "NetguruCollegeApp" */;
			buildPhases = (
				9DA1A4651AAA7DE86DDDE3DA /* [CP] Check Pods Manifest.lock */,
				696FE490217635CB005C9FDD /* Sources */,
				696FE491217635CB005C9FDD /* Frameworks */,
				696FE492217635CB005C9FDD /* Resources */,
				699E0A862177DE4000B2A204 /* SwiftLint */,
				6E2C018E7374C09B59A507B9 /* [CP] Embed Pods Frameworks */,
			);
			buildRules = (
			);
			dependencies = (
			);
			name = NetguruCollegeApp;
			productName = "ncc-ios";
			productReference = 696FE494217635CB005C9FDD /* NetguruCollegeApp.app */;
			productType = "com.apple.product-type.application";
		};
		696FE4A7217635D2005C9FDD /* NetguruCollegeAppTests */ = {
			isa = PBXNativeTarget;
			buildConfigurationList = 696FE4B4217635D2005C9FDD /* Build configuration list for PBXNativeTarget "NetguruCollegeAppTests" */;
			buildPhases = (
				696FE4A4217635D2005C9FDD /* Sources */,
				696FE4A5217635D2005C9FDD /* Frameworks */,
				696FE4A6217635D2005C9FDD /* Resources */,
			);
			buildRules = (
			);
			dependencies = (
				696FE4AA217635D2005C9FDD /* PBXTargetDependency */,
			);
			name = NetguruCollegeAppTests;
			productName = "ncc-iosTests";
			productReference = 696FE4A8217635D2005C9FDD /* NetguruCollegeApp Tests.xctest */;
			productType = "com.apple.product-type.bundle.unit-test";
		};
/* End PBXNativeTarget section */

/* Begin PBXProject section */
		696FE48C217635CB005C9FDD /* Project object */ = {
			isa = PBXProject;
			attributes = {
				LastSwiftUpdateCheck = 1000;
				LastUpgradeCheck = 1020;
				ORGANIZATIONNAME = Netguru;
				TargetAttributes = {
					696FE493217635CB005C9FDD = {
						CreatedOnToolsVersion = 10.0;
					};
					696FE4A7217635D2005C9FDD = {
						CreatedOnToolsVersion = 10.0;
						TestTargetID = 696FE493217635CB005C9FDD;
					};
				};
			};
			buildConfigurationList = 696FE48F217635CB005C9FDD /* Build configuration list for PBXProject "NetguruCollegeApp" */;
			compatibilityVersion = "Xcode 9.3";
			developmentRegion = en;
			hasScannedForEncodings = 0;
			knownRegions = (
				en,
				Base,
			);
			mainGroup = 696FE48B217635CB005C9FDD;
			productRefGroup = 696FE495217635CB005C9FDD /* Products */;
			projectDirPath = "";
			projectRoot = "";
			targets = (
				696FE493217635CB005C9FDD /* NetguruCollegeApp */,
				696FE4A7217635D2005C9FDD /* NetguruCollegeAppTests */,
			);
		};
/* End PBXProject section */

/* Begin PBXResourcesBuildPhase section */
		696FE492217635CB005C9FDD /* Resources */ = {
			isa = PBXResourcesBuildPhase;
			buildActionMask = 2147483647;
			files = (
				696FE4A2217635D2005C9FDD /* LaunchScreen.storyboard in Resources */,
				E6AF4F5F231176E5009BC89D /* OtherView.xib in Resources */,
				E814F7F32310717400788FA9 /* WelcomeView.xib in Resources */,
				E6AF4F5123117441009BC89D /* FilesView.xib in Resources */,
				E605F69E23113FFD00B7DB95 /* LoginView.xib in Resources */,
				696FE49F217635D2005C9FDD /* Assets.xcassets in Resources */,
				14A0179523114223005FF9A5 /* MainView.xib in Resources */,
				E814F7EF2310716700788FA9 /* HelloWorldView.xib in Resources */,
				14A017A5231169B5005FF9A5 /* SearchResultTableViewCell.xib in Resources */,
				696FE49D217635CB005C9FDD /* Main.storyboard in Resources */,
				E6AF4F58231175A5009BC89D /* PullRequestsView.xib in Resources */,
				E605F6B723116F2400B7DB95 /* ReadmeView.xib in Resources */,
			);
			runOnlyForDeploymentPostprocessing = 0;
		};
		696FE4A6217635D2005C9FDD /* Resources */ = {
			isa = PBXResourcesBuildPhase;
			buildActionMask = 2147483647;
			files = (
			);
			runOnlyForDeploymentPostprocessing = 0;
		};
/* End PBXResourcesBuildPhase section */

/* Begin PBXShellScriptBuildPhase section */
		699E0A862177DE4000B2A204 /* SwiftLint */ = {
			isa = PBXShellScriptBuildPhase;
			buildActionMask = 2147483647;
			files = (
			);
			inputFileListPaths = (
			);
			inputPaths = (
			);
			name = SwiftLint;
			outputFileListPaths = (
			);
			outputPaths = (
			);
			runOnlyForDeploymentPostprocessing = 0;
			shellPath = /bin/sh;
			shellScript = "${SRCROOT}/Pods/SwiftLint/swiftlint\n";
		};
		6E2C018E7374C09B59A507B9 /* [CP] Embed Pods Frameworks */ = {
			isa = PBXShellScriptBuildPhase;
			buildActionMask = 2147483647;
			files = (
			);
			inputFileListPaths = (
				"${PODS_ROOT}/Target Support Files/Pods-NetguruCollegeApp/Pods-NetguruCollegeApp-frameworks-${CONFIGURATION}-input-files.xcfilelist",
			);
			name = "[CP] Embed Pods Frameworks";
			outputFileListPaths = (
				"${PODS_ROOT}/Target Support Files/Pods-NetguruCollegeApp/Pods-NetguruCollegeApp-frameworks-${CONFIGURATION}-output-files.xcfilelist",
			);
			runOnlyForDeploymentPostprocessing = 0;
			shellPath = /bin/sh;
			shellScript = "\"${PODS_ROOT}/Target Support Files/Pods-NetguruCollegeApp/Pods-NetguruCollegeApp-frameworks.sh\"\n";
			showEnvVarsInLog = 0;
		};
		9DA1A4651AAA7DE86DDDE3DA /* [CP] Check Pods Manifest.lock */ = {
			isa = PBXShellScriptBuildPhase;
			buildActionMask = 2147483647;
			files = (
			);
			inputFileListPaths = (
			);
			inputPaths = (
				"${PODS_PODFILE_DIR_PATH}/Podfile.lock",
				"${PODS_ROOT}/Manifest.lock",
			);
			name = "[CP] Check Pods Manifest.lock";
			outputFileListPaths = (
			);
			outputPaths = (
				"$(DERIVED_FILE_DIR)/Pods-NetguruCollegeApp-checkManifestLockResult.txt",
			);
			runOnlyForDeploymentPostprocessing = 0;
			shellPath = /bin/sh;
			shellScript = "diff \"${PODS_PODFILE_DIR_PATH}/Podfile.lock\" \"${PODS_ROOT}/Manifest.lock\" > /dev/null\nif [ $? != 0 ] ; then\n    # print error to STDERR\n    echo \"error: The sandbox is not in sync with the Podfile.lock. Run 'pod install' or update your CocoaPods installation.\" >&2\n    exit 1\nfi\n# This output is used by Xcode 'outputs' to avoid re-running this script phase.\necho \"SUCCESS\" > \"${SCRIPT_OUTPUT_FILE_0}\"\n";
			showEnvVarsInLog = 0;
		};
/* End PBXShellScriptBuildPhase section */

/* Begin PBXSourcesBuildPhase section */
		696FE490217635CB005C9FDD /* Sources */ = {
			isa = PBXSourcesBuildPhase;
			buildActionMask = 2147483647;
			files = (
				E605F69A23113F9C00B7DB95 /* LoginViewController.swift in Sources */,
				E605F6A023114BA500B7DB95 /* LoginViewViewModel.swift in Sources */,
				140900DB2312B8490064CBF4 /* CommitsRequestApiRequest.swift in Sources */,
				E814F7DD2310712B00788FA9 /* FlowCoordinator.swift in Sources */,
				F532429C23114CC10017D510 /* SearchRequestType.swift in Sources */,
				14A017A323114DA6005FF9A5 /* ReusableView.swift in Sources */,
				14A0179323114211005FF9A5 /* MainView.swift in Sources */,
				696FE498217635CB005C9FDD /* AppDelegate.swift in Sources */,
				AA450ABC2311753A004BD104 /* Dependencies.swift in Sources */,
				E6AF4F5023117441009BC89D /* FilesViewController.swift in Sources */,
				140900D82312B79D0064CBF4 /* CommitsResponse.swift in Sources */,
				E6AF4F6123117A6E009BC89D /* OtherView.swift in Sources */,
				E605F6B923116FA400B7DB95 /* ReadmeView.swift in Sources */,
				14A017A123114D7B005FF9A5 /* UITableViewExtension.swift in Sources */,
				E814F7E22310713600788FA9 /* APIMethod.swift in Sources */,
				F53242A8231165200017D510 /* RepoResponseParser.swift in Sources */,
				E814F7E42310713600788FA9 /* APIError.swift in Sources */,
				F532429E23114EB00017D510 /* SearchUserRequest.swift in Sources */,
				F53242992311435E0017D510 /* SearchProjectRequest.swift in Sources */,
				F53242A3231157F10017D510 /* User.swift in Sources */,
				14A01791231141F3005FF9A5 /* MainViewController.swift in Sources */,
				E814F7E42310713600788FA9 /* APIError.swift in Sources */,
				C6CC8CF62312906100EA932D /* PullRequestProvider.swift in Sources */,
				AAF4ED8923115543005435E8 /* Authorization.swift in Sources */,
				AA450ABA2311710B004BD104 /* UserManager.swift in Sources */,
				AA450AB823115756004BD104 /* AuthorizationStrings.swift in Sources */,
				AA450ABE23117AC9004BD104 /* KeychainManager.swift in Sources */,
				E6AF4F532311746E009BC89D /* FilesView.swift in Sources */,
				C6CC8CF423128FD800EA932D /* PullRequestListApiRequest.swift in Sources */,
				E814F7E92310714300788FA9 /* HelloWorldViewController.swift in Sources */,
				14A017972311453D005FF9A5 /* MainViewModel.swift in Sources */,
				E814F7F12310716D00788FA9 /* WelcomeView.swift in Sources */,
				E814F7E52310713600788FA9 /* APIRequest.swift in Sources */,
				F53242A6231163300017D510 /* ResponseParser.swift in Sources */,
				E814F7E32310713600788FA9 /* APIClient.swift in Sources */,
				140900DD2312B89C0064CBF4 /* CommitsRequestProvider.swift in Sources */,
				F53242AA231165390017D510 /* UserResponseParser.swift in Sources */,
				F53242A1231157E70017D510 /* Repository.swift in Sources */,
				E814F7E82310714300788FA9 /* WelcomeViewController.swift in Sources */,
				F53242972311405D0017D510 /* SearchProvider.swift in Sources */,
				C6CC8CFA2312971300EA932D /* PullRequest.swift in Sources */,
				C6CC8CF8231296A900EA932D /* PullRequestParser.swift in Sources */,
				E6AF4F57231175A5009BC89D /* PullRequestsViewController.swift in Sources */,
				E6AF4F5A231175D7009BC89D /* PullRequestsView.swift in Sources */,
				E605F6B623116F2400B7DB95 /* ReadmeViewController.swift in Sources */,
				E814F7E32310713600788FA9 /* APIClient.swift in Sources */,
				E6AF4F5E231176E5009BC89D /* OtherViewController.swift in Sources */,
				14A0179B23114A00005FF9A5 /* SearchResultTableViewCell.swift in Sources */,
				E814F7E82310714300788FA9 /* WelcomeViewController.swift in Sources */,
				E605F69C23113FDB00B7DB95 /* LoginView.swift in Sources */,
				E814F7F52310719E00788FA9 /* AppFlowCoordinator.swift in Sources */,
				E814F7ED2310716000788FA9 /* HelloWorldView.swift in Sources */,
			);
			runOnlyForDeploymentPostprocessing = 0;
		};
		696FE4A4217635D2005C9FDD /* Sources */ = {
			isa = PBXSourcesBuildPhase;
			buildActionMask = 2147483647;
			files = (
				696FE4AD217635D2005C9FDD /* NetguruCollegeAppTests.swift in Sources */,
			);
			runOnlyForDeploymentPostprocessing = 0;
		};
/* End PBXSourcesBuildPhase section */

/* Begin PBXTargetDependency section */
		696FE4AA217635D2005C9FDD /* PBXTargetDependency */ = {
			isa = PBXTargetDependency;
			target = 696FE493217635CB005C9FDD /* NetguruCollegeApp */;
			targetProxy = 696FE4A9217635D2005C9FDD /* PBXContainerItemProxy */;
		};
/* End PBXTargetDependency section */

/* Begin PBXVariantGroup section */
		696FE49B217635CB005C9FDD /* Main.storyboard */ = {
			isa = PBXVariantGroup;
			children = (
				696FE49C217635CB005C9FDD /* Base */,
			);
			name = Main.storyboard;
			sourceTree = "<group>";
		};
		696FE4A0217635D2005C9FDD /* LaunchScreen.storyboard */ = {
			isa = PBXVariantGroup;
			children = (
				696FE4A1217635D2005C9FDD /* Base */,
			);
			name = LaunchScreen.storyboard;
			sourceTree = "<group>";
		};
/* End PBXVariantGroup section */

/* Begin XCBuildConfiguration section */
		696FE4AF217635D2005C9FDD /* Debug */ = {
			isa = XCBuildConfiguration;
			buildSettings = {
				CLANG_WARN_BLOCK_CAPTURE_AUTORELEASING = YES;
				CLANG_WARN_BOOL_CONVERSION = YES;
				CLANG_WARN_COMMA = YES;
				CLANG_WARN_CONSTANT_CONVERSION = YES;
				CLANG_WARN_DEPRECATED_OBJC_IMPLEMENTATIONS = YES;
				CLANG_WARN_EMPTY_BODY = YES;
				CLANG_WARN_ENUM_CONVERSION = YES;
				CLANG_WARN_INFINITE_RECURSION = YES;
				CLANG_WARN_INT_CONVERSION = YES;
				CLANG_WARN_NON_LITERAL_NULL_CONVERSION = YES;
				CLANG_WARN_OBJC_IMPLICIT_RETAIN_SELF = YES;
				CLANG_WARN_OBJC_LITERAL_CONVERSION = YES;
				CLANG_WARN_RANGE_LOOP_ANALYSIS = YES;
				CLANG_WARN_STRICT_PROTOTYPES = YES;
				CLANG_WARN_SUSPICIOUS_MOVE = YES;
				CLANG_WARN_UNREACHABLE_CODE = YES;
				CLANG_WARN__DUPLICATE_METHOD_MATCH = YES;
				ENABLE_STRICT_OBJC_MSGSEND = YES;
				ENABLE_TESTABILITY = YES;
				GCC_NO_COMMON_BLOCKS = YES;
				GCC_WARN_64_TO_32_BIT_CONVERSION = YES;
				GCC_WARN_ABOUT_RETURN_TYPE = YES;
				GCC_WARN_UNDECLARED_SELECTOR = YES;
				GCC_WARN_UNINITIALIZED_AUTOS = YES;
				GCC_WARN_UNUSED_FUNCTION = YES;
				GCC_WARN_UNUSED_VARIABLE = YES;
				IPHONEOS_DEPLOYMENT_TARGET = 12.2;
				ONLY_ACTIVE_ARCH = YES;
				SDKROOT = iphoneos;
			};
			name = Debug;
		};
		696FE4B0217635D2005C9FDD /* Release */ = {
			isa = XCBuildConfiguration;
			buildSettings = {
				CLANG_WARN_BLOCK_CAPTURE_AUTORELEASING = YES;
				CLANG_WARN_BOOL_CONVERSION = YES;
				CLANG_WARN_COMMA = YES;
				CLANG_WARN_CONSTANT_CONVERSION = YES;
				CLANG_WARN_DEPRECATED_OBJC_IMPLEMENTATIONS = YES;
				CLANG_WARN_EMPTY_BODY = YES;
				CLANG_WARN_ENUM_CONVERSION = YES;
				CLANG_WARN_INFINITE_RECURSION = YES;
				CLANG_WARN_INT_CONVERSION = YES;
				CLANG_WARN_NON_LITERAL_NULL_CONVERSION = YES;
				CLANG_WARN_OBJC_IMPLICIT_RETAIN_SELF = YES;
				CLANG_WARN_OBJC_LITERAL_CONVERSION = YES;
				CLANG_WARN_RANGE_LOOP_ANALYSIS = YES;
				CLANG_WARN_STRICT_PROTOTYPES = YES;
				CLANG_WARN_SUSPICIOUS_MOVE = YES;
				CLANG_WARN_UNREACHABLE_CODE = YES;
				CLANG_WARN__DUPLICATE_METHOD_MATCH = YES;
				ENABLE_STRICT_OBJC_MSGSEND = YES;
				GCC_NO_COMMON_BLOCKS = YES;
				GCC_WARN_64_TO_32_BIT_CONVERSION = YES;
				GCC_WARN_ABOUT_RETURN_TYPE = YES;
				GCC_WARN_UNDECLARED_SELECTOR = YES;
				GCC_WARN_UNINITIALIZED_AUTOS = YES;
				GCC_WARN_UNUSED_FUNCTION = YES;
				GCC_WARN_UNUSED_VARIABLE = YES;
				IPHONEOS_DEPLOYMENT_TARGET = 12.2;
				SDKROOT = iphoneos;
				SWIFT_COMPILATION_MODE = wholemodule;
			};
			name = Release;
		};
		696FE4B2217635D2005C9FDD /* Debug */ = {
			isa = XCBuildConfiguration;
			baseConfigurationReference = 70B9FAC81C5FF8A335FA5053 /* Pods-NetguruCollegeApp.debug.xcconfig */;
			buildSettings = {
				ALWAYS_SEARCH_USER_PATHS = NO;
				CLANG_ENABLE_OBJC_WEAK = YES;
				INFOPLIST_FILE = "$(SRCROOT)/Supporting files/Info.plist";
				LD_RUNPATH_SEARCH_PATHS = (
					"$(inherited)",
					"@executable_path/Frameworks",
					"@loader_path/Frameworks",
				);
				PRODUCT_BUNDLE_IDENTIFIER = co.netguru.netguru.college.app;
				PRODUCT_NAME = NetguruCollegeApp;
				SWIFT_VERSION = 5.0;
			};
			name = Debug;
		};
		696FE4B3217635D2005C9FDD /* Release */ = {
			isa = XCBuildConfiguration;
			baseConfigurationReference = B70CCCFD923A49BB70EE7D09 /* Pods-NetguruCollegeApp.release.xcconfig */;
			buildSettings = {
				ALWAYS_SEARCH_USER_PATHS = NO;
				CLANG_ENABLE_OBJC_WEAK = YES;
				INFOPLIST_FILE = "$(SRCROOT)/Supporting files/Info.plist";
				LD_RUNPATH_SEARCH_PATHS = (
					"$(inherited)",
					"@executable_path/Frameworks",
					"@loader_path/Frameworks",
				);
				PRODUCT_BUNDLE_IDENTIFIER = co.netguru.netguru.college.app;
				PRODUCT_NAME = NetguruCollegeApp;
				SWIFT_VERSION = 5.0;
			};
			name = Release;
		};
		696FE4B5217635D2005C9FDD /* Debug */ = {
			isa = XCBuildConfiguration;
			buildSettings = {
				CLANG_ENABLE_OBJC_WEAK = YES;
				PRODUCT_NAME = "NetguruCollegeApp Tests";
				SWIFT_VERSION = 5.0;
			};
			name = Debug;
		};
		696FE4B6217635D2005C9FDD /* Release */ = {
			isa = XCBuildConfiguration;
			buildSettings = {
				CLANG_ENABLE_OBJC_WEAK = YES;
				PRODUCT_NAME = "NetguruCollegeApp Tests";
				SWIFT_VERSION = 5.0;
			};
			name = Release;
		};
/* End XCBuildConfiguration section */

/* Begin XCConfigurationList section */
		696FE48F217635CB005C9FDD /* Build configuration list for PBXProject "NetguruCollegeApp" */ = {
			isa = XCConfigurationList;
			buildConfigurations = (
				696FE4AF217635D2005C9FDD /* Debug */,
				696FE4B0217635D2005C9FDD /* Release */,
			);
			defaultConfigurationIsVisible = 0;
			defaultConfigurationName = Release;
		};
		696FE4B1217635D2005C9FDD /* Build configuration list for PBXNativeTarget "NetguruCollegeApp" */ = {
			isa = XCConfigurationList;
			buildConfigurations = (
				696FE4B2217635D2005C9FDD /* Debug */,
				696FE4B3217635D2005C9FDD /* Release */,
			);
			defaultConfigurationIsVisible = 0;
			defaultConfigurationName = Release;
		};
		696FE4B4217635D2005C9FDD /* Build configuration list for PBXNativeTarget "NetguruCollegeAppTests" */ = {
			isa = XCConfigurationList;
			buildConfigurations = (
				696FE4B5217635D2005C9FDD /* Debug */,
				696FE4B6217635D2005C9FDD /* Release */,
			);
			defaultConfigurationIsVisible = 0;
			defaultConfigurationName = Release;
		};
/* End XCConfigurationList section */
	};
	rootObject = 696FE48C217635CB005C9FDD /* Project object */;
}
